
Microsoft Visual Studio Solution File, Format Version 12.00
# Visual Studio Version 17
VisualStudioVersion = 17.5.33103.201
MinimumVisualStudioVersion = 10.0.40219.1
Project("{FAE04EC0-301F-11D3-BF4B-00C04F79EFBC}") = "Web1001Todo", "Web1001Todo.csproj", "{756F4C99-30F6-4A34-82B5-4E85737AD874}"
EndProject
Project("{2150E333-8FDC-42A3-9474-1A3956D46DE8}") = "Solution Items", "Solution Items", "{F79DF6AF-D48A-4F07-ADDD-4402F24452CA}"
	ProjectSection(SolutionItems) = preProject
		.editorconfig = .editorconfig
	EndProjectSection
EndProject
Global
	GlobalSection(SolutionConfigurationPlatforms) = preSolution
		Debug|Any CPU = Debug|Any CPU
		Release|Any CPU = Release|Any CPU
	EndGlobalSection
	GlobalSection(ProjectConfigurationPlatforms) = postSolution
		{756F4C99-30F6-4A34-82B5-4E85737AD874}.Debug|Any CPU.ActiveCfg = Debug|Any CPU
		{756F4C99-30F6-4A34-82B5-4E85737AD874}.Debug|Any CPU.Build.0 = Debug|Any CPU
		{756F4C99-30F6-4A34-82B5-4E85737AD874}.Release|Any CPU.ActiveCfg = Release|Any CPU
		{756F4C99-30F6-4A34-82B5-4E85737AD874}.Release|Any CPU.Build.0 = Release|Any CPU
	EndGlobalSection
	GlobalSection(SolutionProperties) = preSolution
		HideSolutionNode = FALSE
	EndGlobalSection
	GlobalSection(ExtensibilityGlobals) = postSolution
		SolutionGuid = {B417B92D-7DA8-4E15-B4E9-C4F3D627BEDE}
	EndGlobalSection
EndGlobal
